
Microsoft Visual Studio Solution File, Format Version 12.00
# Visual Studio 15
VisualStudioVersion = 15.0.27703.2018
MinimumVisualStudioVersion = 10.0.40219.1
Project("{FAE04EC0-301F-11D3-BF4B-00C04F79EFBC}") = "HijackMonitoringApplication", "HijackMonitoringApplication\HijackMonitoringApplication.csproj", "{30C066F8-9C0D-4247-87A9-152672444C5D}"
EndProject
Project("{FAE04EC0-301F-11D3-BF4B-00C04F79EFBC}") = "_17ceBackendFunction", "17ceBackendFunction\_17ceBackendFunction.csproj", "{AD0651CB-A447-40D6-805C-7A7102A5B354}"
EndProject
Project("{FAE04EC0-301F-11D3-BF4B-00C04F79EFBC}") = "SummarizeChartData", "SummarizeChartData\SummarizeChartData.csproj", "{BE91DC9C-8F70-4D26-8F1F-DC70761425B7}"
EndProject
Project("{FAE04EC0-301F-11D3-BF4B-00C04F79EFBC}") = "Performance_Monitoring", "Performance_Monitoring\Performance_Monitoring.csproj", "{A6E22A12-9C73-451B-8F93-B47A2EBE9DA5}"
EndProject
Project("{FAE04EC0-301F-11D3-BF4B-00C04F79EFBC}") = "WebAPI_PerformanceTest", "WebAPI_PerformanceTest\WebAPI_PerformanceTest.csproj", "{5BA8D8C3-E392-4D48-B485-B7FF278E284A}"
EndProject
Global
	GlobalSection(SolutionConfigurationPlatforms) = preSolution
		Debug|Any CPU = Debug|Any CPU
		Release|Any CPU = Release|Any CPU
	EndGlobalSection
	GlobalSection(ProjectConfigurationPlatforms) = postSolution
		{30C066F8-9C0D-4247-87A9-152672444C5D}.Debug|Any CPU.ActiveCfg = Debug|Any CPU
		{30C066F8-9C0D-4247-87A9-152672444C5D}.Debug|Any CPU.Build.0 = Debug|Any CPU
		{30C066F8-9C0D-4247-87A9-152672444C5D}.Release|Any CPU.ActiveCfg = Release|Any CPU
		{30C066F8-9C0D-4247-87A9-152672444C5D}.Release|Any CPU.Build.0 = Release|Any CPU
		{AD0651CB-A447-40D6-805C-7A7102A5B354}.Debug|Any CPU.ActiveCfg = Debug|Any CPU
		{AD0651CB-A447-40D6-805C-7A7102A5B354}.Debug|Any CPU.Build.0 = Debug|Any CPU
		{AD0651CB-A447-40D6-805C-7A7102A5B354}.Release|Any CPU.ActiveCfg = Release|Any CPU
		{AD0651CB-A447-40D6-805C-7A7102A5B354}.Release|Any CPU.Build.0 = Release|Any CPU
		{BE91DC9C-8F70-4D26-8F1F-DC70761425B7}.Debug|Any CPU.ActiveCfg = Debug|Any CPU
		{BE91DC9C-8F70-4D26-8F1F-DC70761425B7}.Debug|Any CPU.Build.0 = Debug|Any CPU
		{BE91DC9C-8F70-4D26-8F1F-DC70761425B7}.Release|Any CPU.ActiveCfg = Release|Any CPU
		{BE91DC9C-8F70-4D26-8F1F-DC70761425B7}.Release|Any CPU.Build.0 = Release|Any CPU
		{A6E22A12-9C73-451B-8F93-B47A2EBE9DA5}.Debug|Any CPU.ActiveCfg = Debug|Any CPU
		{A6E22A12-9C73-451B-8F93-B47A2EBE9DA5}.Debug|Any CPU.Build.0 = Debug|Any CPU
		{A6E22A12-9C73-451B-8F93-B47A2EBE9DA5}.Release|Any CPU.ActiveCfg = Release|Any CPU
		{A6E22A12-9C73-451B-8F93-B47A2EBE9DA5}.Release|Any CPU.Build.0 = Release|Any CPU
		{5BA8D8C3-E392-4D48-B485-B7FF278E284A}.Debug|Any CPU.ActiveCfg = Debug|Any CPU
		{5BA8D8C3-E392-4D48-B485-B7FF278E284A}.Debug|Any CPU.Build.0 = Debug|Any CPU
		{5BA8D8C3-E392-4D48-B485-B7FF278E284A}.Release|Any CPU.ActiveCfg = Release|Any CPU
		{5BA8D8C3-E392-4D48-B485-B7FF278E284A}.Release|Any CPU.Build.0 = Release|Any CPU
	EndGlobalSection
	GlobalSection(SolutionProperties) = preSolution
		HideSolutionNode = FALSE
	EndGlobalSection
	GlobalSection(ExtensibilityGlobals) = postSolution
		SolutionGuid = {2237083D-B46F-426D-8BE2-B0AFD569DDCA}
	EndGlobalSection
EndGlobal
